
Microsoft Visual Studio Solution File, Format Version 12.00
# Visual Studio Version 17
VisualStudioVersion = 17.1.32421.90
MinimumVisualStudioVersion = 10.0.40219.1
Project("{FAE04EC0-301F-11D3-BF4B-00C04F79EFBC}") = "MarketStore", "MarketStore\MarketStore.csproj", "{376FDCD6-C03F-47A7-B4FB-15446E4EEF8D}"
EndProject
Global
	GlobalSection(SolutionConfigurationPlatforms) = preSolution
		Debug|Any CPU = Debug|Any CPU
		Release|Any CPU = Release|Any CPU
	EndGlobalSection
	GlobalSection(ProjectConfigurationPlatforms) = postSolution
		{376FDCD6-C03F-47A7-B4FB-15446E4EEF8D}.Debug|Any CPU.ActiveCfg = Debug|Any CPU
		{376FDCD6-C03F-47A7-B4FB-15446E4EEF8D}.Debug|Any CPU.Build.0 = Debug|Any CPU
		{376FDCD6-C03F-47A7-B4FB-15446E4EEF8D}.Release|Any CPU.ActiveCfg = Release|Any CPU
		{376FDCD6-C03F-47A7-B4FB-15446E4EEF8D}.Release|Any CPU.Build.0 = Release|Any CPU
	EndGlobalSection
	GlobalSection(SolutionProperties) = preSolution
		HideSolutionNode = FALSE
	EndGlobalSection
	GlobalSection(ExtensibilityGlobals) = postSolution
		SolutionGuid = {1DA205EF-9EA5-414A-A47B-F6DA5B748D55}
	EndGlobalSection
EndGlobal
